// !$*UTF8*$!
{
	archiveVersion = 1;
	classes = {
	};
	objectVersion = 50;
	objects = {

/* Begin PBXBuildFile section */
		3C099BDC2313F6920086B7FF /* AppDelegate.swift in Sources */ = {isa = PBXBuildFile; fileRef = 3C099BDB2313F6920086B7FF /* AppDelegate.swift */; };
		3C099BDE2313F6920086B7FF /* SceneDelegate.swift in Sources */ = {isa = PBXBuildFile; fileRef = 3C099BDD2313F6920086B7FF /* SceneDelegate.swift */; };
		3C099BE02313F6920086B7FF /* ViewController.swift in Sources */ = {isa = PBXBuildFile; fileRef = 3C099BDF2313F6920086B7FF /* ViewController.swift */; };
		3C099BE32313F6920086B7FF /* Main.storyboard in Resources */ = {isa = PBXBuildFile; fileRef = 3C099BE12313F6920086B7FF /* Main.storyboard */; };
		3C099BE52313F6960086B7FF /* Assets.xcassets in Resources */ = {isa = PBXBuildFile; fileRef = 3C099BE42313F6960086B7FF /* Assets.xcassets */; };
		3C099BE82313F6960086B7FF /* LaunchScreen.storyboard in Resources */ = {isa = PBXBuildFile; fileRef = 3C099BE62313F6960086B7FF /* LaunchScreen.storyboard */; };
/* End PBXBuildFile section */

/* Begin PBXFileReference section */
		3C099BD82313F6920086B7FF /* MyDrinkBooking.app */ = {isa = PBXFileReference; explicitFileType = wrapper.application; includeInIndex = 0; path = MyDrinkBooking.app; sourceTree = BUILT_PRODUCTS_DIR; };
		3C099BDB2313F6920086B7FF /* AppDelegate.swift */ = {isa = PBXFileReference; lastKnownFileType = sourcecode.swift; path = AppDelegate.swift; sourceTree = "<group>"; };
		3C099BDD2313F6920086B7FF /* SceneDelegate.swift */ = {isa = PBXFileReference; lastKnownFileType = sourcecode.swift; path = SceneDelegate.swift; sourceTree = "<group>"; };
		3C099BDF2313F6920086B7FF /* ViewController.swift */ = {isa = PBXFileReference; lastKnownFileType = sourcecode.swift; path = ViewController.swift; sourceTree = "<group>"; };
		3C099BE22313F6920086B7FF /* Base */ = {isa = PBXFileReference; lastKnownFileType = file.storyboard; name = Base; path = Base.lproj/Main.storyboard; sourceTree = "<group>"; };
		3C099BE42313F6960086B7FF /* Assets.xcassets */ = {isa = PBXFileReference; lastKnownFileType = folder.assetcatalog; path = Assets.xcassets; sourceTree = "<group>"; };
		3C099BE72313F6960086B7FF /* Base */ = {isa = PBXFileReference; lastKnownFileType = file.storyboard; name = Base; path = Base.lproj/LaunchScreen.storyboard; sourceTree = "<group>"; };
		3C099BE92313F6960086B7FF /* Info.plist */ = {isa = PBXFileReference; lastKnownFileType = text.plist.xml; path = Info.plist; sourceTree = "<group>"; };
/* End PBXFileReference section */

/* Begin PBXFrameworksBuildPhase section */
		3C099BD52313F6920086B7FF /* Frameworks */ = {
			isa = PBXFrameworksBuildPhase;
			buildActionMask = 2147483647;
			files = (
			);
			runOnlyForDeploymentPostprocessing = 0;
		};
/* End PBXFrameworksBuildPhase section */

/* Begin PBXGroup section */
		3C099BCF2313F6920086B7FF = {
			isa = PBXGroup;
			children = (
				3C099BDA2313F6920086B7FF /* MyDrinkBooking */,
				3C099BD92313F6920086B7FF /* Products */,
			);
			sourceTree = "<group>";
		};
		3C099BD92313F6920086B7FF /* Products */ = {
			isa = PBXGroup;
			children = (
				3C099BD82313F6920086B7FF /* MyDrinkBooking.app */,
			);
			name = Products;
			sourceTree = "<group>";
		};
		3C099BDA2313F6920086B7FF /* MyDrinkBooking */ = {
			isa = PBXGroup;
			children = (
				3C099BDB2313F6920086B7FF /* AppDelegate.swift */,
				3C099BDD2313F6920086B7FF /* SceneDelegate.swift */,
				3C099BDF2313F6920086B7FF /* ViewController.swift */,
				3C099BE12313F6920086B7FF /* Main.storyboard */,
				3C099BE42313F6960086B7FF /* Assets.xcassets */,
				3C099BE62313F6960086B7FF /* LaunchScreen.storyboard */,
				3C099BE92313F6960086B7FF /* Info.plist */,
			);
			path = MyDrinkBooking;
			sourceTree = "<group>";
		};
/* End PBXGroup section */

/* Begin PBXNativeTarget section */
		3C099BD72313F6920086B7FF /* MyDrinkBooking */ = {
			isa = PBXNativeTarget;
			buildConfigurationList = 3C099BEC2313F6960086B7FF /* Build configuration list for PBXNativeTarget "MyDrinkBooking" */;
			buildPhases = (
				3C099BD42313F6920086B7FF /* Sources */,
				3C099BD52313F6920086B7FF /* Frameworks */,
				3C099BD62313F6920086B7FF /* Resources */,
			);
			buildRules = (
			);
			dependencies = (
			);
			name = MyDrinkBooking;
			productName = MyDrinkBooking;
			productReference = 3C099BD82313F6920086B7FF /* MyDrinkBooking.app */;
			productType = "com.apple.product-type.application";
		};
/* End PBXNativeTarget section */

/* Begin PBXProject section */
		3C099BD02313F6920086B7FF /* Project object */ = {
			isa = PBXProject;
			attributes = {
				LastSwiftUpdateCheck = 1100;
				LastUpgradeCheck = 1100;
				ORGANIZATIONNAME = VorkYu;
				TargetAttributes = {
					3C099BD72313F6920086B7FF = {
						CreatedOnToolsVersion = 11.0;
					};
				};
			};
			buildConfigurationList = 3C099BD32313F6920086B7FF /* Build configuration list for PBXProject "MyDrinkBooking" */;
			compatibilityVersion = "Xcode 9.3";
			developmentRegion = en;
			hasScannedForEncodings = 0;
			knownRegions = (
				en,
				Base,
			);
			mainGroup = 3C099BCF2313F6920086B7FF;
			productRefGroup = 3C099BD92313F6920086B7FF /* Products */;
			projectDirPath = "";
			projectRoot = "";
			targets = (
				3C099BD72313F6920086B7FF /* MyDrinkBooking */,
			);
		};
/* End PBXProject section */

/* Begin PBXResourcesBuildPhase section */
		3C099BD62313F6920086B7FF /* Resources */ = {
			isa = PBXResourcesBuildPhase;
			buildActionMask = 2147483647;
			files = (
				3C099BE82313F6960086B7FF /* LaunchScreen.storyboard in Resources */,
				3C099BE52313F6960086B7FF /* Assets.xcassets in Resources */,
				3C099BE32313F6920086B7FF /* Main.storyboard in Resources */,
			);
			runOnlyForDeploymentPostprocessing = 0;
		};
/* End PBXResourcesBuildPhase section */

/* Begin PBXSourcesBuildPhase section */
		3C099BD42313F6920086B7FF /* Sources */ = {
			isa = PBXSourcesBuildPhase;
			buildActionMask = 2147483647;
			files = (
				3C099BE02313F6920086B7FF /* ViewController.swift in Sources */,
				3C099BDC2313F6920086B7FF /* AppDelegate.swift in Sources */,
				3C099BDE2313F6920086B7FF /* SceneDelegate.swift in Sources */,
			);
			runOnlyForDeploymentPostprocessing = 0;
		};
/* End PBXSourcesBuildPhase section */

/* Begin PBXVariantGroup section */
		3C099BE12313F6920086B7FF /* Main.storyboard */ = {
			isa = PBXVariantGroup;
			children = (
				3C099BE22313F6920086B7FF /* Base */,
			);
			name = Main.storyboard;
			sourceTree = "<group>";
		};
		3C099BE62313F6960086B7FF /* LaunchScreen.storyboard */ = {
			isa = PBXVariantGroup;
			children = (
				3C099BE72313F6960086B7FF /* Base */,
			);
			name = LaunchScreen.storyboard;
			sourceTree = "<group>";
		};
/* End PBXVariantGroup section */

/* Begin XCBuildConfiguration section */
		3C099BEA2313F6960086B7FF /* Debug */ = {
			isa = XCBuildConfiguration;
			buildSettings = {
				ALWAYS_SEARCH_USER_PATHS = NO;
				CLANG_ANALYZER_NONNULL = YES;
				CLANG_ANALYZER_NUMBER_OBJECT_CONVERSION = YES_AGGRESSIVE;
				CLANG_CXX_LANGUAGE_STANDARD = "gnu++14";
				CLANG_CXX_LIBRARY = "libc++";
				CLANG_ENABLE_MODULES = YES;
				CLANG_ENABLE_OBJC_ARC = YES;
				CLANG_ENABLE_OBJC_WEAK = YES;
				CLANG_WARN_BLOCK_CAPTURE_AUTORELEASING = YES;
				CLANG_WARN_BOOL_CONVERSION = YES;
				CLANG_WARN_COMMA = YES;
				CLANG_WARN_CONSTANT_CONVERSION = YES;
				CLANG_WARN_DEPRECATED_OBJC_IMPLEMENTATIONS = YES;
				CLANG_WARN_DIRECT_OBJC_ISA_USAGE = YES_ERROR;
				CLANG_WARN_DOCUMENTATION_COMMENTS = YES;
				CLANG_WARN_EMPTY_BODY = YES;
				CLANG_WARN_ENUM_CONVERSION = YES;
				CLANG_WARN_INFINITE_RECURSION = YES;
				CLANG_WARN_INT_CONVERSION = YES;
				CLANG_WARN_NON_LITERAL_NULL_CONVERSION = YES;
				CLANG_WARN_OBJC_IMPLICIT_RETAIN_SELF = YES;
				CLANG_WARN_OBJC_LITERAL_CONVERSION = YES;
				CLANG_WARN_OBJC_ROOT_CLASS = YES_ERROR;
				CLANG_WARN_RANGE_LOOP_ANALYSIS = YES;
				CLANG_WARN_STRICT_PROTOTYPES = YES;
				CLANG_WARN_SUSPICIOUS_MOVE = YES;
				CLANG_WARN_UNGUARDED_AVAILABILITY = YES_AGGRESSIVE;
				CLANG_WARN_UNREACHABLE_CODE = YES;
				CLANG_WARN__DUPLICATE_METHOD_MATCH = YES;
				COPY_PHASE_STRIP = NO;
				DEBUG_INFORMATION_FORMAT = dwarf;
				ENABLE_STRICT_OBJC_MSGSEND = YES;
				ENABLE_TESTABILITY = YES;
				GCC_C_LANGUAGE_STANDARD = gnu11;
				GCC_DYNAMIC_NO_PIC = NO;
				GCC_NO_COMMON_BLOCKS = YES;
				GCC_OPTIMIZATION_LEVEL = 0;
				GCC_PREPROCESSOR_DEFINITIONS = (
					"DEBUG=1",
					"$(inherited)",
				);
				GCC_WARN_64_TO_32_BIT_CONVERSION = YES;
				GCC_WARN_ABOUT_RETURN_TYPE = YES_ERROR;
				GCC_WARN_UNDECLARED_SELECTOR = YES;
				GCC_WARN_UNINITIALIZED_AUTOS = YES_AGGRESSIVE;
				GCC_WARN_UNUSED_FUNCTION = YES;
				GCC_WARN_UNUSED_VARIABLE = YES;
				IPHONEOS_DEPLOYMENT_TARGET = 13.0;
				MTL_ENABLE_DEBUG_INFO = INCLUDE_SOURCE;
				MTL_FAST_MATH = YES;
				ONLY_ACTIVE_ARCH = YES;
				SDKROOT = iphoneos;
				SWIFT_ACTIVE_COMPILATION_CONDITIONS = DEBUG;
				SWIFT_OPTIMIZATION_LEVEL = "-Onone";
			};
			name = Debug;
		};
		3C099BEB2313F6960086B7FF /* Release */ = {
			isa = XCBuildConfiguration;
			buildSettings = {
				ALWAYS_SEARCH_USER_PATHS = NO;
				CLANG_ANALYZER_NONNULL = YES;
				CLANG_ANALYZER_NUMBER_OBJECT_CONVERSION = YES_AGGRESSIVE;
				CLANG_CXX_LANGUAGE_STANDARD = "gnu++14";
				CLANG_CXX_LIBRARY = "libc++";
				CLANG_ENABLE_MODULES = YES;
				CLANG_ENABLE_OBJC_ARC = YES;
				CLANG_ENABLE_OBJC_WEAK = YES;
				CLANG_WARN_BLOCK_CAPTURE_AUTORELEASING = YES;
				CLANG_WARN_BOOL_CONVERSION = YES;
				CLANG_WARN_COMMA = YES;
				CLANG_WARN_CONSTANT_CONVERSION = YES;
				CLANG_WARN_DEPRECATED_OBJC_IMPLEMENTATIONS = YES;
				CLANG_WARN_DIRECT_OBJC_ISA_USAGE = YES_ERROR;
				CLANG_WARN_DOCUMENTATION_COMMENTS = YES;
				CLANG_WARN_EMPTY_BODY = YES;
				CLANG_WARN_ENUM_CONVERSION = YES;
				CLANG_WARN_INFINITE_RECURSION = YES;
				CLANG_WARN_INT_CONVERSION = YES;
				CLANG_WARN_NON_LITERAL_NULL_CONVERSION = YES;
				CLANG_WARN_OBJC_IMPLICIT_RETAIN_SELF = YES;
				CLANG_WARN_OBJC_LITERAL_CONVERSION = YES;
				CLANG_WARN_OBJC_ROOT_CLASS = YES_ERROR;
				CLANG_WARN_RANGE_LOOP_ANALYSIS = YES;
				CLANG_WARN_STRICT_PROTOTYPES = YES;
				CLANG_WARN_SUSPICIOUS_MOVE = YES;
				CLANG_WARN_UNGUARDED_AVAILABILITY = YES_AGGRESSIVE;
				CLANG_WARN_UNREACHABLE_CODE = YES;
				CLANG_WARN__DUPLICATE_METHOD_MATCH = YES;
				COPY_PHASE_STRIP = NO;
				DEBUG_INFORMATION_FORMAT = "dwarf-with-dsym";
				ENABLE_NS_ASSERTIONS = NO;
				ENABLE_STRICT_OBJC_MSGSEND = YES;
				GCC_C_LANGUAGE_STANDARD = gnu11;
				GCC_NO_COMMON_BLOCKS = YES;
				GCC_WARN_64_TO_32_BIT_CONVERSION = YES;
				GCC_WARN_ABOUT_RETURN_TYPE = YES_ERROR;
				GCC_WARN_UNDECLARED_SELECTOR = YES;
				GCC_WARN_UNINITIALIZED_AUTOS = YES_AGGRESSIVE;
				GCC_WARN_UNUSED_FUNCTION = YES;
				GCC_WARN_UNUSED_VARIABLE = YES;
				IPHONEOS_DEPLOYMENT_TARGET = 13.0;
				MTL_ENABLE_DEBUG_INFO = NO;
				MTL_FAST_MATH = YES;
				SDKROOT = iphoneos;
				SWIFT_COMPILATION_MODE = wholemodule;
				SWIFT_OPTIMIZATION_LEVEL = "-O";
				VALIDATE_PRODUCT = YES;
			};
			name = Release;
		};
		3C099BED2313F6960086B7FF /* Debug */ = {
			isa = XCBuildConfiguration;
			buildSettings = {
				ASSETCATALOG_COMPILER_APPICON_NAME = AppIcon;
				CODE_SIGN_STYLE = Automatic;
				DEVELOPMENT_TEAM = G5W9XFL57G;
				INFOPLIST_FILE = MyDrinkBooking/Info.plist;
				LD_RUNPATH_SEARCH_PATHS = (
					"$(inherited)",
					"@executable_path/Frameworks",
				);
				PRODUCT_BUNDLE_IDENTIFIER = com.VorkYu.MyDrinkBooking;
				PRODUCT_NAME = "$(TARGET_NAME)";
				SWIFT_VERSION = 5.0;
				TARGETED_DEVICE_FAMILY = "1,2";
			};
			name = Debug;
		};
		3C099BEE2313F6960086B7FF /* Release */ = {
			isa = XCBuildConfiguration;
			buildSettings = {
				ASSETCATALOG_COMPILER_APPICON_NAME = AppIcon;
				CODE_SIGN_STYLE = Automatic;
				DEVELOPMENT_TEAM = G5W9XFL57G;
				INFOPLIST_FILE = MyDrinkBooking/Info.plist;
				LD_RUNPATH_SEARCH_PATHS = (
					"$(inherited)",
					"@executable_path/Frameworks",
				);
				PRODUCT_BUNDLE_IDENTIFIER = com.VorkYu.MyDrinkBooking;
				PRODUCT_NAME = "$(TARGET_NAME)";
				SWIFT_VERSION = 5.0;
				TARGETED_DEVICE_FAMILY = "1,2";
			};
			name = Release;
		};
/* End XCBuildConfiguration section */

/* Begin XCConfigurationList section */
		3C099BD32313F6920086B7FF /* Build configuration list for PBXProject "MyDrinkBooking" */ = {
			isa = XCConfigurationList;
			buildConfigurations = (
				3C099BEA2313F6960086B7FF /* Debug */,
				3C099BEB2313F6960086B7FF /* Release */,
			);
			defaultConfigurationIsVisible = 0;
			defaultConfigurationName = Release;
		};
		3C099BEC2313F6960086B7FF /* Build configuration list for PBXNativeTarget "MyDrinkBooking" */ = {
			isa = XCConfigurationList;
			buildConfigurations = (
				3C099BED2313F6960086B7FF /* Debug */,
				3C099BEE2313F6960086B7FF /* Release */,
			);
			defaultConfigurationIsVisible = 0;
			defaultConfigurationName = Release;
		};
/* End XCConfigurationList section */
	};
	rootObject = 3C099BD02313F6920086B7FF /* Project object */;
}
